
Microsoft Visual Studio Solution File, Format Version 12.00
# Visual Studio Version 17
VisualStudioVersion = 17.7.34202.233
MinimumVisualStudioVersion = 10.0.40219.1
Project("{FAE04EC0-301F-11D3-BF4B-00C04F79EFBC}") = "Project_1", "Project_1\Project_1.csproj", "{8E274B8F-0E51-49DA-B7D4-01EC4676497D}"
EndProject
Global
	GlobalSection(SolutionConfigurationPlatforms) = preSolution
		Debug|Any CPU = Debug|Any CPU
		Release|Any CPU = Release|Any CPU
	EndGlobalSection
	GlobalSection(ProjectConfigurationPlatforms) = postSolution
		{8E274B8F-0E51-49DA-B7D4-01EC4676497D}.Debug|Any CPU.ActiveCfg = Debug|Any CPU
		{8E274B8F-0E51-49DA-B7D4-01EC4676497D}.Debug|Any CPU.Build.0 = Debug|Any CPU
		{8E274B8F-0E51-49DA-B7D4-01EC4676497D}.Release|Any CPU.ActiveCfg = Release|Any CPU
		{8E274B8F-0E51-49DA-B7D4-01EC4676497D}.Release|Any CPU.Build.0 = Release|Any CPU
	EndGlobalSection
	GlobalSection(SolutionProperties) = preSolution
		HideSolutionNode = FALSE
	EndGlobalSection
	GlobalSection(ExtensibilityGlobals) = postSolution
		SolutionGuid = {2E6EBAB3-FA8F-4F98-B3CC-0C6B9AEA3FB3}
	EndGlobalSection
EndGlobal
